
Microsoft Visual Studio Solution File, Format Version 12.00
# Visual Studio Version 16
VisualStudioVersion = 16.0.29324.140
MinimumVisualStudioVersion = 10.0.40219.1
Project("{9A19103F-16F7-4668-BE54-9A1E7A4F7556}") = "DesignPatterns", "DesignPatterns\DesignPatterns.csproj", "{72410949-BFEA-4728-8974-F4CD0661E401}"
EndProject
Project("{FAE04EC0-301F-11D3-BF4B-00C04F79EFBC}") = "XUnitTest", "XUnitTest\XUnitTest.csproj", "{2FA77CAA-527E-402B-B813-6785621B1524}"
EndProject
Global
	GlobalSection(SolutionConfigurationPlatforms) = preSolution
		Debug|Any CPU = Debug|Any CPU
		Release|Any CPU = Release|Any CPU
	EndGlobalSection
	GlobalSection(ProjectConfigurationPlatforms) = postSolution
		{72410949-BFEA-4728-8974-F4CD0661E401}.Debug|Any CPU.ActiveCfg = Debug|Any CPU
		{72410949-BFEA-4728-8974-F4CD0661E401}.Debug|Any CPU.Build.0 = Debug|Any CPU
		{72410949-BFEA-4728-8974-F4CD0661E401}.Release|Any CPU.ActiveCfg = Release|Any CPU
		{72410949-BFEA-4728-8974-F4CD0661E401}.Release|Any CPU.Build.0 = Release|Any CPU
		{2FA77CAA-527E-402B-B813-6785621B1524}.Debug|Any CPU.ActiveCfg = Debug|Any CPU
		{2FA77CAA-527E-402B-B813-6785621B1524}.Debug|Any CPU.Build.0 = Debug|Any CPU
		{2FA77CAA-527E-402B-B813-6785621B1524}.Release|Any CPU.ActiveCfg = Release|Any CPU
		{2FA77CAA-527E-402B-B813-6785621B1524}.Release|Any CPU.Build.0 = Release|Any CPU
	EndGlobalSection
	GlobalSection(SolutionProperties) = preSolution
		HideSolutionNode = FALSE
	EndGlobalSection
	GlobalSection(ExtensibilityGlobals) = postSolution
		SolutionGuid = {0CB206A2-F04A-48C9-BCFB-E3EEFD98A5FA}
	EndGlobalSection
EndGlobal
